// !$*UTF8*$!
{
	archiveVersion = 1;
	classes = {
	};
	objectVersion = 50;
	objects = {

/* Begin PBXBuildFile section */
		6311A688247CFEA100BD428D /* AppDelegate.swift in Sources */ = {isa = PBXBuildFile; fileRef = 6311A687247CFEA100BD428D /* AppDelegate.swift */; };
		6311A68A247CFEA100BD428D /* SceneDelegate.swift in Sources */ = {isa = PBXBuildFile; fileRef = 6311A689247CFEA100BD428D /* SceneDelegate.swift */; };
		6311A68C247CFEA100BD428D /* ContentView.swift in Sources */ = {isa = PBXBuildFile; fileRef = 6311A68B247CFEA100BD428D /* ContentView.swift */; };
		6311A68E247CFEA400BD428D /* Assets.xcassets in Resources */ = {isa = PBXBuildFile; fileRef = 6311A68D247CFEA400BD428D /* Assets.xcassets */; };
		6311A691247CFEA400BD428D /* Preview Assets.xcassets in Resources */ = {isa = PBXBuildFile; fileRef = 6311A690247CFEA400BD428D /* Preview Assets.xcassets */; };
		6311A694247CFEA400BD428D /* LaunchScreen.storyboard in Resources */ = {isa = PBXBuildFile; fileRef = 6311A692247CFEA400BD428D /* LaunchScreen.storyboard */; };
/* End PBXBuildFile section */

/* Begin PBXFileReference section */
		6311A684247CFEA100BD428D /* TestASCollectionView.app */ = {isa = PBXFileReference; explicitFileType = wrapper.application; includeInIndex = 0; path = TestASCollectionView.app; sourceTree = BUILT_PRODUCTS_DIR; };
		6311A687247CFEA100BD428D /* AppDelegate.swift */ = {isa = PBXFileReference; lastKnownFileType = sourcecode.swift; path = AppDelegate.swift; sourceTree = "<group>"; };
		6311A689247CFEA100BD428D /* SceneDelegate.swift */ = {isa = PBXFileReference; lastKnownFileType = sourcecode.swift; path = SceneDelegate.swift; sourceTree = "<group>"; };
		6311A68B247CFEA100BD428D /* ContentView.swift */ = {isa = PBXFileReference; lastKnownFileType = sourcecode.swift; path = ContentView.swift; sourceTree = "<group>"; };
		6311A68D247CFEA400BD428D /* Assets.xcassets */ = {isa = PBXFileReference; lastKnownFileType = folder.assetcatalog; path = Assets.xcassets; sourceTree = "<group>"; };
		6311A690247CFEA400BD428D /* Preview Assets.xcassets */ = {isa = PBXFileReference; lastKnownFileType = folder.assetcatalog; path = "Preview Assets.xcassets"; sourceTree = "<group>"; };
		6311A693247CFEA400BD428D /* Base */ = {isa = PBXFileReference; lastKnownFileType = file.storyboard; name = Base; path = Base.lproj/LaunchScreen.storyboard; sourceTree = "<group>"; };
		6311A695247CFEA400BD428D /* Info.plist */ = {isa = PBXFileReference; lastKnownFileType = text.plist.xml; path = Info.plist; sourceTree = "<group>"; };
/* End PBXFileReference section */

/* Begin PBXFrameworksBuildPhase section */
		6311A681247CFEA100BD428D /* Frameworks */ = {
			isa = PBXFrameworksBuildPhase;
			buildActionMask = 2147483647;
			files = (
			);
			runOnlyForDeploymentPostprocessing = 0;
		};
/* End PBXFrameworksBuildPhase section */

/* Begin PBXGroup section */
		6311A67B247CFEA100BD428D = {
			isa = PBXGroup;
			children = (
				6311A686247CFEA100BD428D /* TestASCollectionView */,
				6311A685247CFEA100BD428D /* Products */,
			);
			sourceTree = "<group>";
		};
		6311A685247CFEA100BD428D /* Products */ = {
			isa = PBXGroup;
			children = (
				6311A684247CFEA100BD428D /* TestASCollectionView.app */,
			);
			name = Products;
			sourceTree = "<group>";
		};
		6311A686247CFEA100BD428D /* TestASCollectionView */ = {
			isa = PBXGroup;
			children = (
				6311A687247CFEA100BD428D /* AppDelegate.swift */,
				6311A689247CFEA100BD428D /* SceneDelegate.swift */,
				6311A68B247CFEA100BD428D /* ContentView.swift */,
				6311A68D247CFEA400BD428D /* Assets.xcassets */,
				6311A692247CFEA400BD428D /* LaunchScreen.storyboard */,
				6311A695247CFEA400BD428D /* Info.plist */,
				6311A68F247CFEA400BD428D /* Preview Content */,
			);
			path = TestASCollectionView;
			sourceTree = "<group>";
		};
		6311A68F247CFEA400BD428D /* Preview Content */ = {
			isa = PBXGroup;
			children = (
				6311A690247CFEA400BD428D /* Preview Assets.xcassets */,
			);
			path = "Preview Content";
			sourceTree = "<group>";
		};
/* End PBXGroup section */

/* Begin PBXNativeTarget section */
		6311A683247CFEA100BD428D /* TestASCollectionView */ = {
			isa = PBXNativeTarget;
			buildConfigurationList = 6311A698247CFEA400BD428D /* Build configuration list for PBXNativeTarget "TestASCollectionView" */;
			buildPhases = (
				6311A680247CFEA100BD428D /* Sources */,
				6311A681247CFEA100BD428D /* Frameworks */,
				6311A682247CFEA100BD428D /* Resources */,
			);
			buildRules = (
			);
			dependencies = (
			);
			name = TestASCollectionView;
			productName = TestASCollectionView;
			productReference = 6311A684247CFEA100BD428D /* TestASCollectionView.app */;
			productType = "com.apple.product-type.application";
		};
/* End PBXNativeTarget section */

/* Begin PBXProject section */
		6311A67C247CFEA100BD428D /* Project object */ = {
			isa = PBXProject;
			attributes = {
				LastSwiftUpdateCheck = 1150;
				LastUpgradeCheck = 1150;
				ORGANIZATIONNAME = "David Monagle";
				TargetAttributes = {
					6311A683247CFEA100BD428D = {
						CreatedOnToolsVersion = 11.5;
					};
				};
			};
			buildConfigurationList = 6311A67F247CFEA100BD428D /* Build configuration list for PBXProject "TestASCollectionView" */;
			compatibilityVersion = "Xcode 9.3";
			developmentRegion = en;
			hasScannedForEncodings = 0;
			knownRegions = (
				en,
				Base,
			);
			mainGroup = 6311A67B247CFEA100BD428D;
			productRefGroup = 6311A685247CFEA100BD428D /* Products */;
			projectDirPath = "";
			projectRoot = "";
			targets = (
				6311A683247CFEA100BD428D /* TestASCollectionView */,
			);
		};
/* End PBXProject section */

/* Begin PBXResourcesBuildPhase section */
		6311A682247CFEA100BD428D /* Resources */ = {
			isa = PBXResourcesBuildPhase;
			buildActionMask = 2147483647;
			files = (
				6311A694247CFEA400BD428D /* LaunchScreen.storyboard in Resources */,
				6311A691247CFEA400BD428D /* Preview Assets.xcassets in Resources */,
				6311A68E247CFEA400BD428D /* Assets.xcassets in Resources */,
			);
			runOnlyForDeploymentPostprocessing = 0;
		};
/* End PBXResourcesBuildPhase section */

/* Begin PBXSourcesBuildPhase section */
		6311A680247CFEA100BD428D /* Sources */ = {
			isa = PBXSourcesBuildPhase;
			buildActionMask = 2147483647;
			files = (
				6311A688247CFEA100BD428D /* AppDelegate.swift in Sources */,
				6311A68A247CFEA100BD428D /* SceneDelegate.swift in Sources */,
				6311A68C247CFEA100BD428D /* ContentView.swift in Sources */,
			);
			runOnlyForDeploymentPostprocessing = 0;
		};
/* End PBXSourcesBuildPhase section */

/* Begin PBXVariantGroup section */
		6311A692247CFEA400BD428D /* LaunchScreen.storyboard */ = {
			isa = PBXVariantGroup;
			children = (
				6311A693247CFEA400BD428D /* Base */,
			);
			name = LaunchScreen.storyboard;
			sourceTree = "<group>";
		};
/* End PBXVariantGroup section */

/* Begin XCBuildConfiguration section */
		6311A696247CFEA400BD428D /* Debug */ = {
			isa = XCBuildConfiguration;
			buildSettings = {
				ALWAYS_SEARCH_USER_PATHS = NO;
				CLANG_ANALYZER_NONNULL = YES;
				CLANG_ANALYZER_NUMBER_OBJECT_CONVERSION = YES_AGGRESSIVE;
				CLANG_CXX_LANGUAGE_STANDARD = "gnu++14";
				CLANG_CXX_LIBRARY = "libc++";
				CLANG_ENABLE_MODULES = YES;
				CLANG_ENABLE_OBJC_ARC = YES;
				CLANG_ENABLE_OBJC_WEAK = YES;
				CLANG_WARN_BLOCK_CAPTURE_AUTORELEASING = YES;
				CLANG_WARN_BOOL_CONVERSION = YES;
				CLANG_WARN_COMMA = YES;
				CLANG_WARN_CONSTANT_CONVERSION = YES;
				CLANG_WARN_DEPRECATED_OBJC_IMPLEMENTATIONS = YES;
				CLANG_WARN_DIRECT_OBJC_ISA_USAGE = YES_ERROR;
				CLANG_WARN_DOCUMENTATION_COMMENTS = YES;
				CLANG_WARN_EMPTY_BODY = YES;
				CLANG_WARN_ENUM_CONVERSION = YES;
				CLANG_WARN_INFINITE_RECURSION = YES;
				CLANG_WARN_INT_CONVERSION = YES;
				CLANG_WARN_NON_LITERAL_NULL_CONVERSION = YES;
				CLANG_WARN_OBJC_IMPLICIT_RETAIN_SELF = YES;
				CLANG_WARN_OBJC_LITERAL_CONVERSION = YES;
				CLANG_WARN_OBJC_ROOT_CLASS = YES_ERROR;
				CLANG_WARN_RANGE_LOOP_ANALYSIS = YES;
				CLANG_WARN_STRICT_PROTOTYPES = YES;
				CLANG_WARN_SUSPICIOUS_MOVE = YES;
				CLANG_WARN_UNGUARDED_AVAILABILITY = YES_AGGRESSIVE;
				CLANG_WARN_UNREACHABLE_CODE = YES;
				CLANG_WARN__DUPLICATE_METHOD_MATCH = YES;
				COPY_PHASE_STRIP = NO;
				DEBUG_INFORMATION_FORMAT = dwarf;
				ENABLE_STRICT_OBJC_MSGSEND = YES;
				ENABLE_TESTABILITY = YES;
				GCC_C_LANGUAGE_STANDARD = gnu11;
				GCC_DYNAMIC_NO_PIC = NO;
				GCC_NO_COMMON_BLOCKS = YES;
				GCC_OPTIMIZATION_LEVEL = 0;
				GCC_PREPROCESSOR_DEFINITIONS = (
					"DEBUG=1",
					"$(inherited)",
				);
				GCC_WARN_64_TO_32_BIT_CONVERSION = YES;
				GCC_WARN_ABOUT_RETURN_TYPE = YES_ERROR;
				GCC_WARN_UNDECLARED_SELECTOR = YES;
				GCC_WARN_UNINITIALIZED_AUTOS = YES_AGGRESSIVE;
				GCC_WARN_UNUSED_FUNCTION = YES;
				GCC_WARN_UNUSED_VARIABLE = YES;
				IPHONEOS_DEPLOYMENT_TARGET = 13.5;
				MTL_ENABLE_DEBUG_INFO = INCLUDE_SOURCE;
				MTL_FAST_MATH = YES;
				ONLY_ACTIVE_ARCH = YES;
				SDKROOT = iphoneos;
				SWIFT_ACTIVE_COMPILATION_CONDITIONS = DEBUG;
				SWIFT_OPTIMIZATION_LEVEL = "-Onone";
			};
			name = Debug;
		};
		6311A697247CFEA400BD428D /* Release */ = {
			isa = XCBuildConfiguration;
			buildSettings = {
				ALWAYS_SEARCH_USER_PATHS = NO;
				CLANG_ANALYZER_NONNULL = YES;
				CLANG_ANALYZER_NUMBER_OBJECT_CONVERSION = YES_AGGRESSIVE;
				CLANG_CXX_LANGUAGE_STANDARD = "gnu++14";
				CLANG_CXX_LIBRARY = "libc++";
				CLANG_ENABLE_MODULES = YES;
				CLANG_ENABLE_OBJC_ARC = YES;
				CLANG_ENABLE_OBJC_WEAK = YES;
				CLANG_WARN_BLOCK_CAPTURE_AUTORELEASING = YES;
				CLANG_WARN_BOOL_CONVERSION = YES;
				CLANG_WARN_COMMA = YES;
				CLANG_WARN_CONSTANT_CONVERSION = YES;
				CLANG_WARN_DEPRECATED_OBJC_IMPLEMENTATIONS = YES;
				CLANG_WARN_DIRECT_OBJC_ISA_USAGE = YES_ERROR;
				CLANG_WARN_DOCUMENTATION_COMMENTS = YES;
				CLANG_WARN_EMPTY_BODY = YES;
				CLANG_WARN_ENUM_CONVERSION = YES;
				CLANG_WARN_INFINITE_RECURSION = YES;
				CLANG_WARN_INT_CONVERSION = YES;
				CLANG_WARN_NON_LITERAL_NULL_CONVERSION = YES;
				CLANG_WARN_OBJC_IMPLICIT_RETAIN_SELF = YES;
				CLANG_WARN_OBJC_LITERAL_CONVERSION = YES;
				CLANG_WARN_OBJC_ROOT_CLASS = YES_ERROR;
				CLANG_WARN_RANGE_LOOP_ANALYSIS = YES;
				CLANG_WARN_STRICT_PROTOTYPES = YES;
				CLANG_WARN_SUSPICIOUS_MOVE = YES;
				CLANG_WARN_UNGUARDED_AVAILABILITY = YES_AGGRESSIVE;
				CLANG_WARN_UNREACHABLE_CODE = YES;
				CLANG_WARN__DUPLICATE_METHOD_MATCH = YES;
				COPY_PHASE_STRIP = NO;
				DEBUG_INFORMATION_FORMAT = "dwarf-with-dsym";
				ENABLE_NS_ASSERTIONS = NO;
				ENABLE_STRICT_OBJC_MSGSEND = YES;
				GCC_C_LANGUAGE_STANDARD = gnu11;
				GCC_NO_COMMON_BLOCKS = YES;
				GCC_WARN_64_TO_32_BIT_CONVERSION = YES;
				GCC_WARN_ABOUT_RETURN_TYPE = YES_ERROR;
				GCC_WARN_UNDECLARED_SELECTOR = YES;
				GCC_WARN_UNINITIALIZED_AUTOS = YES_AGGRESSIVE;
				GCC_WARN_UNUSED_FUNCTION = YES;
				GCC_WARN_UNUSED_VARIABLE = YES;
				IPHONEOS_DEPLOYMENT_TARGET = 13.5;
				MTL_ENABLE_DEBUG_INFO = NO;
				MTL_FAST_MATH = YES;
				SDKROOT = iphoneos;
				SWIFT_COMPILATION_MODE = wholemodule;
				SWIFT_OPTIMIZATION_LEVEL = "-O";
				VALIDATE_PRODUCT = YES;
			};
			name = Release;
		};
		6311A699247CFEA400BD428D /* Debug */ = {
			isa = XCBuildConfiguration;
			buildSettings = {
				ASSETCATALOG_COMPILER_APPICON_NAME = AppIcon;
				CODE_SIGN_STYLE = Automatic;
				DEVELOPMENT_ASSET_PATHS = "\"TestASCollectionView/Preview Content\"";
				DEVELOPMENT_TEAM = RQTZJ6R6P6;
				ENABLE_PREVIEWS = YES;
				INFOPLIST_FILE = TestASCollectionView/Info.plist;
				LD_RUNPATH_SEARCH_PATHS = (
					"$(inherited)",
					"@executable_path/Frameworks",
				);
				PRODUCT_BUNDLE_IDENTIFIER = au.com.monagle.TestASCollectionView;
				PRODUCT_NAME = "$(TARGET_NAME)";
				SWIFT_VERSION = 5.0;
				TARGETED_DEVICE_FAMILY = "1,2";
			};
			name = Debug;
		};
		6311A69A247CFEA400BD428D /* Release */ = {
			isa = XCBuildConfiguration;
			buildSettings = {
				ASSETCATALOG_COMPILER_APPICON_NAME = AppIcon;
				CODE_SIGN_STYLE = Automatic;
				DEVELOPMENT_ASSET_PATHS = "\"TestASCollectionView/Preview Content\"";
				DEVELOPMENT_TEAM = RQTZJ6R6P6;
				ENABLE_PREVIEWS = YES;
				INFOPLIST_FILE = TestASCollectionView/Info.plist;
				LD_RUNPATH_SEARCH_PATHS = (
					"$(inherited)",
					"@executable_path/Frameworks",
				);
				PRODUCT_BUNDLE_IDENTIFIER = au.com.monagle.TestASCollectionView;
				PRODUCT_NAME = "$(TARGET_NAME)";
				SWIFT_VERSION = 5.0;
				TARGETED_DEVICE_FAMILY = "1,2";
			};
			name = Release;
		};
/* End XCBuildConfiguration section */

/* Begin XCConfigurationList section */
		6311A67F247CFEA100BD428D /* Build configuration list for PBXProject "TestASCollectionView" */ = {
			isa = XCConfigurationList;
			buildConfigurations = (
				6311A696247CFEA400BD428D /* Debug */,
				6311A697247CFEA400BD428D /* Release */,
			);
			defaultConfigurationIsVisible = 0;
			defaultConfigurationName = Release;
		};
		6311A698247CFEA400BD428D /* Build configuration list for PBXNativeTarget "TestASCollectionView" */ = {
			isa = XCConfigurationList;
			buildConfigurations = (
				6311A699247CFEA400BD428D /* Debug */,
				6311A69A247CFEA400BD428D /* Release */,
			);
			defaultConfigurationIsVisible = 0;
			defaultConfigurationName = Release;
		};
/* End XCConfigurationList section */
	};
	rootObject = 6311A67C247CFEA100BD428D /* Project object */;
}
